<?xml version="1.0" encoding="utf-8"?>
<Project ToolsVersion="4.0" xmlns="http://schemas.microsoft.com/developer/msbuild/2003">
  <ItemGroup>
    <Filter Include="ソース ファイル">
      <UniqueIdentifier>{4FC737F1-C7A5-4376-A066-2A32D752A2FF}</UniqueIdentifier>
      <Extensions>cpp;c;cc;cxx;c++;cppm;ixx;def;odl;idl;hpj;bat;asm;asmx</Extensions>
    </Filter>
    <Filter Include="ヘッダー ファイル">
      <UniqueIdentifier>{93995380-89BD-4b04-88EB-625FBE52EBFB}</UniqueIdentifier>
      <Extensions>h;hh;hpp;hxx;h++;hm;inl;inc;ipp;xsd</Extensions>
    </Filter>
    <Filter Include="リソース ファイル">
      <UniqueIdentifier>{67DA6AB6-F800-4c08-8B7A-83BB121AAD01}</UniqueIdentifier>
      <Extensions>rc;ico;cur;bmp;dlg;rc2;rct;bin;rgs;gif;jpg;jpeg;jpe;resx;tiff;tif;png;wav;mfcribbon-ms</Extensions>
    </Filter>
    <Filter Include="imgui">
      <UniqueIdentifier>{93d8158d-f9f4-41f8-a839-7262fe066eb5}</UniqueIdentifier>
    </Filter>
    <Filter Include="engine">
      <UniqueIdentifier>{c959de2e-35c4-410f-afbf-1cc20ab6f21b}</UniqueIdentifier>
    </Filter>
    <Filter Include="engine\2d">
      <UniqueIdentifier>{f7075dcd-857a-4aec-9367-2be32183b0e6}</UniqueIdentifier>
    </Filter>
    <Filter Include="engine\3d">
      <UniqueIdentifier>{7aea726f-b543-48e6-9d79-254a568c5220}</UniqueIdentifier>
    </Filter>
    <Filter Include="engine\audio">
      <UniqueIdentifier>{fac08954-c58d-41bf-ac55-51cf3df37e12}</UniqueIdentifier>
    </Filter>
    <Filter Include="engine\base">
      <UniqueIdentifier>{0333103d-f695-41c1-ba4e-5885afc815dd}</UniqueIdentifier>
    </Filter>
    <Filter Include="engine\io">
      <UniqueIdentifier>{fbb34b7f-8fb4-4380-9f46-68d2b7fd8cef}</UniqueIdentifier>
    </Filter>
    <Filter Include="engine\scene">
      <UniqueIdentifier>{29c93471-f475-4df3-9358-878342cf05e5}</UniqueIdentifier>
    </Filter>
    <Filter Include="engine\math">
      <UniqueIdentifier>{b72d7fba-d1ec-48bb-b579-76e3e7225473}</UniqueIdentifier>
    </Filter>
  </ItemGroup>
  <ItemGroup>
    <ClCompile Include="main.cpp">
      <Filter>ソース ファイル</Filter>
    </ClCompile>
    <ClCompile Include="externals\imgui\imgui.cpp">
      <Filter>imgui</Filter>
    </ClCompile>
    <ClCompile Include="externals\imgui\imgui_demo.cpp">
      <Filter>imgui</Filter>
    </ClCompile>
    <ClCompile Include="externals\imgui\imgui_draw.cpp">
      <Filter>imgui</Filter>
    </ClCompile>
    <ClCompile Include="externals\imgui\imgui_tables.cpp">
      <Filter>imgui</Filter>
    </ClCompile>
    <ClCompile Include="externals\imgui\imgui_widgets.cpp">
      <Filter>imgui</Filter>
    </ClCompile>
    <ClCompile Include="externals\imgui\imgui_impl_dx12.cpp">
      <Filter>imgui</Filter>
    </ClCompile>
    <ClCompile Include="externals\imgui\imgui_impl_win32.cpp">
      <Filter>imgui</Filter>
    </ClCompile>
    <ClCompile Include="engine\2d\Sprite.cpp">
      <Filter>engine\2d</Filter>
    </ClCompile>
    <ClCompile Include="engine\2d\SpriteCommon.cpp">
      <Filter>engine\2d</Filter>
    </ClCompile>
    <ClCompile Include="engine\base\Function.cpp">
      <Filter>engine\base</Filter>
    </ClCompile>
    <ClCompile Include="engine\base\DirectXCommon.cpp">
      <Filter>engine\base</Filter>
    </ClCompile>
    <ClCompile Include="engine\base\Input.cpp">
      <Filter>engine\base</Filter>
    </ClCompile>
    <ClCompile Include="engine\base\Logger.cpp">
      <Filter>engine\base</Filter>
    </ClCompile>
    <ClCompile Include="engine\math\Matrix4x4.cpp">
      <Filter>engine\math</Filter>
    </ClCompile>
    <ClCompile Include="engine\base\StringUtility.cpp">
      <Filter>engine\base</Filter>
    </ClCompile>
    <ClCompile Include="engine\base\TextureManager.cpp">
      <Filter>engine\base</Filter>
    </ClCompile>
    <ClCompile Include="engine\base\WinApp.cpp">
      <Filter>engine\base</Filter>
    </ClCompile>
  </ItemGroup>
  <ItemGroup>
    <FxCompile Include="resources\shaders\Object3d.VS.hlsl" />
    <FxCompile Include="resources\shaders\Object3d.PS.hlsl" />
  </ItemGroup>
  <ItemGroup>
    <ClInclude Include="externals\imgui\imconfig.h">
      <Filter>imgui</Filter>
    </ClInclude>
    <ClInclude Include="externals\imgui\imgui.h">
      <Filter>imgui</Filter>
    </ClInclude>
    <ClInclude Include="externals\imgui\imgui_internal.h">
      <Filter>imgui</Filter>
    </ClInclude>
    <ClInclude Include="externals\imgui\imstb_rectpack.h">
      <Filter>imgui</Filter>
    </ClInclude>
    <ClInclude Include="externals\imgui\imstb_textedit.h">
      <Filter>imgui</Filter>
    </ClInclude>
    <ClInclude Include="externals\imgui\imstb_truetype.h">
      <Filter>imgui</Filter>
    </ClInclude>
    <ClInclude Include="externals\imgui\imgui_impl_dx12.h">
      <Filter>imgui</Filter>
    </ClInclude>
    <ClInclude Include="externals\imgui\imgui_impl_win32.h">
      <Filter>imgui</Filter>
    </ClInclude>
    <ClInclude Include="engine\2d\Sprite.h">
      <Filter>engine\2d</Filter>
    </ClInclude>
    <ClInclude Include="engine\2d\SpriteCommon.h">
      <Filter>engine\2d</Filter>
    </ClInclude>
    <ClInclude Include="engine\base\Function.h">
      <Filter>engine\base</Filter>
    </ClInclude>
    <ClInclude Include="engine\base\DirectXCommon.h">
      <Filter>engine\base</Filter>
    </ClInclude>
    <ClInclude Include="engine\base\Input.h">
      <Filter>engine\base</Filter>
    </ClInclude>
    <ClInclude Include="engine\base\Logger.h">
      <Filter>engine\base</Filter>
    </ClInclude>
    <ClInclude Include="engine\math\Vector2.h">
      <Filter>engine\math</Filter>
    </ClInclude>
    <ClInclude Include="engine\math\Matrix3x3.h">
      <Filter>engine\math</Filter>
    </ClInclude>
    <ClInclude Include="engine\math\Matrix4x4.h">
      <Filter>engine\math</Filter>
    </ClInclude>
    <ClInclude Include="engine\math\Vector3.h">
      <Filter>engine\math</Filter>
    </ClInclude>
    <ClInclude Include="engine\math\Vector4.h">
      <Filter>engine\math</Filter>
    </ClInclude>
    <ClInclude Include="engine\base\StringUtility.h">
      <Filter>engine\base</Filter>
    </ClInclude>
    <ClInclude Include="engine\base\TextureManager.h">
      <Filter>engine\base</Filter>
    </ClInclude>
    <ClInclude Include="engine\base\VertexData.h">
      <Filter>engine\base</Filter>
    </ClInclude>
    <ClInclude Include="engine\base\WinApp.h">
      <Filter>engine\base</Filter>
    </ClInclude>
  </ItemGroup>
  <ItemGroup>
    <Text Include="externals\imgui\LICENSE.txt">
      <Filter>imgui</Filter>
    </Text>
  </ItemGroup>
  <ItemGroup>
    <None Include="resources\shaders\Object3d.hlsli" />
  </ItemGroup>
</Project>